<?xml version="1.0" encoding="utf-8"?>
<Project ToolsVersion="4.0" xmlns="http://schemas.microsoft.com/developer/msbuild/2003">
  <ItemGroup>
    <Filter Include="Source Files">
      <UniqueIdentifier>{4FC737F1-C7A5-4376-A066-2A32D752A2FF}</UniqueIdentifier>
      <Extensions>cpp;c;cc;cxx;def;odl;idl;hpj;bat;asm;asmx</Extensions>
    </Filter>
    <Filter Include="Header Files">
      <UniqueIdentifier>{93995380-89BD-4b04-88EB-625FBE52EBFB}</UniqueIdentifier>
      <Extensions>h;hpp;hxx;hm;inl;inc;xsd</Extensions>
    </Filter>
    <Filter Include="Resource Files">
      <UniqueIdentifier>{67DA6AB6-F800-4c08-8B7A-83BB121AAD01}</UniqueIdentifier>
      <Extensions>rc;ico;cur;bmp;dlg;rc2;rct;bin;rgs;gif;jpg;jpeg;jpe;resx;tiff;tif;png;wav;mfcribbon-ms</Extensions>
    </Filter>
    <Filter Include="Header Files\File">
      <UniqueIdentifier>{e05d6968-9dcb-437c-8135-cf23e15a3a59}</UniqueIdentifier>
    </Filter>
    <Filter Include="Source Files\File">
      <UniqueIdentifier>{dea529bd-cee9-4c5b-bee2-ff7a41a8b82d}</UniqueIdentifier>
    </Filter>
    <Filter Include="Header Files\Objects">
      <UniqueIdentifier>{d2828ad8-79f2-420b-b19e-cea1fa39ff3b}</UniqueIdentifier>
    </Filter>
    <Filter Include="Source Files\Objects">
      <UniqueIdentifier>{4263eed7-39dc-4708-9c3a-2f08e6c42763}</UniqueIdentifier>
    </Filter>
    <Filter Include="Header Files\GUI">
      <UniqueIdentifier>{aaba19a1-a954-4e3d-a517-0fa1493da8f6}</UniqueIdentifier>
    </Filter>
    <Filter Include="Source Files\GUI">
      <UniqueIdentifier>{bf75bfbc-a003-4b8b-8865-bce977bd968c}</UniqueIdentifier>
    </Filter>
  </ItemGroup>
  <ItemGroup>
    <ClCompile Include="main.cpp">
      <Filter>Source Files</Filter>
    </ClCompile>
    <ClCompile Include="MenuState.cpp">
      <Filter>Source Files</Filter>
    </ClCompile>
    <ClCompile Include="Objects\Pickable.cpp">
      <Filter>Source Files\Objects</Filter>
    </ClCompile>
    <ClCompile Include="Objects\Player.cpp">
      <Filter>Source Files\Objects</Filter>
    </ClCompile>
    <ClCompile Include="Objects\Script.cpp">
      <Filter>Source Files\Objects</Filter>
    </ClCompile>
    <ClCompile Include="Objects\Solid.cpp">
      <Filter>Source Files\Objects</Filter>
    </ClCompile>
    <ClCompile Include="Objects\Throwable.cpp">
      <Filter>Source Files\Objects</Filter>
    </ClCompile>
    <ClCompile Include="Objects\Collisions.cpp">
      <Filter>Source Files\Objects</Filter>
    </ClCompile>
    <ClCompile Include="Objects\Consumable.cpp">
      <Filter>Source Files\Objects</Filter>
    </ClCompile>
    <ClCompile Include="Objects\Engine.cpp">
      <Filter>Source Files\Objects</Filter>
    </ClCompile>
    <ClCompile Include="Objects\GameObject.cpp">
      <Filter>Source Files\Objects</Filter>
    </ClCompile>
    <ClCompile Include="Objects\mainObj.cpp">
      <Filter>Source Files\Objects</Filter>
    </ClCompile>
    <ClCompile Include="Objects\Map.cpp">
      <Filter>Source Files\Objects</Filter>
    </ClCompile>
    <ClCompile Include="Objects\Obj.cpp">
      <Filter>Source Files\Objects</Filter>
    </ClCompile>
    <ClCompile Include="Objects\Person.cpp">
      <Filter>Source Files\Objects</Filter>
    </ClCompile>
    <ClCompile Include="File\MapFile.cpp">
      <Filter>Source Files\File</Filter>
    </ClCompile>
    <ClCompile Include="File\News.cpp">
      <Filter>Source Files\File</Filter>
    </ClCompile>
    <ClCompile Include="File\ObjectFile.cpp">
      <Filter>Source Files\File</Filter>
    </ClCompile>
    <ClCompile Include="File\Score.cpp">
      <Filter>Source Files\File</Filter>
    </ClCompile>
    <ClCompile Include="File\ScriptFile.cpp">
      <Filter>Source Files\File</Filter>
    </ClCompile>
    <ClCompile Include="File\stdafx.cpp">
      <Filter>Source Files\File</Filter>
    </ClCompile>
    <ClCompile Include="File\UserFile.cpp">
      <Filter>Source Files\File</Filter>
    </ClCompile>
    <ClCompile Include="File\Aggregate.cpp">
      <Filter>Source Files\File</Filter>
    </ClCompile>
    <ClCompile Include="File\AudioFile.cpp">
      <Filter>Source Files\File</Filter>
    </ClCompile>
    <ClCompile Include="File\Database.cpp">
      <Filter>Source Files\File</Filter>
    </ClCompile>
    <ClCompile Include="File\Encoder2.cpp">
      <Filter>Source Files\File</Filter>
    </ClCompile>
    <ClCompile Include="File\EncryptionAlgorithm.cpp">
      <Filter>Source Files\File</Filter>
    </ClCompile>
    <ClCompile Include="File\File2.cpp">
      <Filter>Source Files\File</Filter>
    </ClCompile>
    <ClCompile Include="File\file.cpp">
      <Filter>Source Files\File</Filter>
    </ClCompile>
    <ClCompile Include="File\HighScores.cpp">
      <Filter>Source Files\File</Filter>
    </ClCompile>
    <ClCompile Include="GUI\TextField.cpp">
      <Filter>Source Files\GUI</Filter>
    </ClCompile>
    <ClCompile Include="GUI\Button.cpp">
      <Filter>Source Files\GUI</Filter>
    </ClCompile>
    <ClCompile Include="GUI\HUD.cpp">
      <Filter>Source Files\GUI</Filter>
    </ClCompile>
    <ClCompile Include="GUI\Label.cpp">
      <Filter>Source Files\GUI</Filter>
    </ClCompile>
  </ItemGroup>
  <ItemGroup>
    <ClInclude Include="MenuState.h">
      <Filter>Header Files</Filter>
    </ClInclude>
    <ClInclude Include="Objects\Pickable.h">
      <Filter>Header Files\Objects</Filter>
    </ClInclude>
    <ClInclude Include="Objects\Player.h">
      <Filter>Header Files\Objects</Filter>
    </ClInclude>
    <ClInclude Include="Objects\Script.h">
      <Filter>Header Files\Objects</Filter>
    </ClInclude>
    <ClInclude Include="Objects\Solid.h">
      <Filter>Header Files\Objects</Filter>
    </ClInclude>
    <ClInclude Include="Objects\Throwable.h">
      <Filter>Header Files\Objects</Filter>
    </ClInclude>
    <ClInclude Include="Objects\Collisions.h">
      <Filter>Header Files\Objects</Filter>
    </ClInclude>
    <ClInclude Include="Objects\Consumable.h">
      <Filter>Header Files\Objects</Filter>
    </ClInclude>
    <ClInclude Include="Objects\Engine.h">
      <Filter>Header Files\Objects</Filter>
    </ClInclude>
    <ClInclude Include="Objects\GameObject.h">
      <Filter>Header Files\Objects</Filter>
    </ClInclude>
    <ClInclude Include="Objects\Map.h">
      <Filter>Header Files\Objects</Filter>
    </ClInclude>
    <ClInclude Include="Objects\Obj.h">
      <Filter>Header Files\Objects</Filter>
    </ClInclude>
    <ClInclude Include="Objects\Person.h">
      <Filter>Header Files\Objects</Filter>
    </ClInclude>
    <ClInclude Include="File\UserFile.h">
      <Filter>Header Files\File</Filter>
    </ClInclude>
    <ClInclude Include="File\Aggregate.h">
      <Filter>Header Files\File</Filter>
    </ClInclude>
    <ClInclude Include="File\AudioFile.h">
      <Filter>Header Files\File</Filter>
    </ClInclude>
    <ClInclude Include="File\Database.h">
      <Filter>Header Files\File</Filter>
    </ClInclude>
    <ClInclude Include="File\Encoder2.h">
      <Filter>Header Files\File</Filter>
    </ClInclude>
    <ClInclude Include="File\EncryptionAlgorithm.h">
      <Filter>Header Files\File</Filter>
    </ClInclude>
    <ClInclude Include="File\File2.h">
      <Filter>Header Files\File</Filter>
    </ClInclude>
    <ClInclude Include="File\HighScores.h">
      <Filter>Header Files\File</Filter>
    </ClInclude>
    <ClInclude Include="File\MapFile.h">
      <Filter>Header Files\File</Filter>
    </ClInclude>
    <ClInclude Include="File\News.h">
      <Filter>Header Files\File</Filter>
    </ClInclude>
    <ClInclude Include="File\ObjectFile.h">
      <Filter>Header Files\File</Filter>
    </ClInclude>
    <ClInclude Include="File\Score.h">
      <Filter>Header Files\File</Filter>
    </ClInclude>
    <ClInclude Include="File\ScriptFile.h">
      <Filter>Header Files\File</Filter>
    </ClInclude>
    <ClInclude Include="File\stdafx.h">
      <Filter>Header Files\File</Filter>
    </ClInclude>
    <ClInclude Include="File\targetver.h">
      <Filter>Header Files\File</Filter>
    </ClInclude>
    <ClInclude Include="GUI\TextField.h">
      <Filter>Header Files\GUI</Filter>
    </ClInclude>
    <ClInclude Include="GUI\Button.h">
      <Filter>Header Files\GUI</Filter>
    </ClInclude>
    <ClInclude Include="GUI\HUD.h">
      <Filter>Header Files\GUI</Filter>
    </ClInclude>
    <ClInclude Include="GUI\Label.h">
      <Filter>Header Files\GUI</Filter>
    </ClInclude>
  </ItemGroup>
  <ItemGroup>
    <None Include="..\File\resources\users.ftg">
      <Filter>Resource Files</Filter>
    </None>
    <None Include="..\File\resources\Kuba.ftg">
      <Filter>Resource Files</Filter>
    </None>
    <None Include="..\File\resources\player65.ftg">
      <Filter>Resource Files</Filter>
    </None>
    <None Include="..\File\resources\player2255.ftg">
      <Filter>Resource Files</Filter>
    </None>
    <None Include="..\File\resources\plik.ftg">
      <Filter>Resource Files</Filter>
    </None>
  </ItemGroup>
</Project>