
Microsoft Visual Studio Solution File, Format Version 11.00
# Visual Studio 2010
Project("{8BC9CEB8-8B4A-11D0-8D11-00A0C91BC942}") = "Game", "Game\Game.vcxproj", "{F82CF430-D5EE-4C51-8F0C-F40D616F9E61}"
EndProject
Project("{8BC9CEB8-8B4A-11D0-8D11-00A0C91BC942}") = "Engine", "Engine\Engine.vcxproj", "{86F73684-DF66-47A1-B405-1C9E7EA83291}"
EndProject
Project("{8BC9CEB8-8B4A-11D0-8D11-00A0C91BC942}") = "Editor", "Editor\Editor.vcxproj", "{2628C431-84B3-4580-A158-168E8E5B6FB7}"
	ProjectSection(ProjectDependencies) = postProject
		{86F73684-DF66-47A1-B405-1C9E7EA83291} = {86F73684-DF66-47A1-B405-1C9E7EA83291}
	EndProjectSection
EndProject
Global
	GlobalSection(SolutionConfigurationPlatforms) = preSolution
		Debug|Any CPU = Debug|Any CPU
		Debug|Mixed Platforms = Debug|Mixed Platforms
		Debug|Win32 = Debug|Win32
		Release|Any CPU = Release|Any CPU
		Release|Mixed Platforms = Release|Mixed Platforms
		Release|Win32 = Release|Win32
	EndGlobalSection
	GlobalSection(ProjectConfigurationPlatforms) = postSolution
		{F82CF430-D5EE-4C51-8F0C-F40D616F9E61}.Debug|Any CPU.ActiveCfg = Debug|Win32
		{F82CF430-D5EE-4C51-8F0C-F40D616F9E61}.Debug|Mixed Platforms.ActiveCfg = Debug|Win32
		{F82CF430-D5EE-4C51-8F0C-F40D616F9E61}.Debug|Mixed Platforms.Build.0 = Debug|Win32
		{F82CF430-D5EE-4C51-8F0C-F40D616F9E61}.Debug|Win32.ActiveCfg = Debug|Win32
		{F82CF430-D5EE-4C51-8F0C-F40D616F9E61}.Debug|Win32.Build.0 = Debug|Win32
		{F82CF430-D5EE-4C51-8F0C-F40D616F9E61}.Release|Any CPU.ActiveCfg = Release|Win32
		{F82CF430-D5EE-4C51-8F0C-F40D616F9E61}.Release|Mixed Platforms.ActiveCfg = Release|Win32
		{F82CF430-D5EE-4C51-8F0C-F40D616F9E61}.Release|Mixed Platforms.Build.0 = Release|Win32
		{F82CF430-D5EE-4C51-8F0C-F40D616F9E61}.Release|Win32.ActiveCfg = Release|Win32
		{F82CF430-D5EE-4C51-8F0C-F40D616F9E61}.Release|Win32.Build.0 = Release|Win32
		{86F73684-DF66-47A1-B405-1C9E7EA83291}.Debug|Any CPU.ActiveCfg = Debug|Win32
		{86F73684-DF66-47A1-B405-1C9E7EA83291}.Debug|Mixed Platforms.ActiveCfg = Debug|Win32
		{86F73684-DF66-47A1-B405-1C9E7EA83291}.Debug|Mixed Platforms.Build.0 = Debug|Win32
		{86F73684-DF66-47A1-B405-1C9E7EA83291}.Debug|Win32.ActiveCfg = Debug|Win32
		{86F73684-DF66-47A1-B405-1C9E7EA83291}.Debug|Win32.Build.0 = Debug|Win32
		{86F73684-DF66-47A1-B405-1C9E7EA83291}.Release|Any CPU.ActiveCfg = Release|Win32
		{86F73684-DF66-47A1-B405-1C9E7EA83291}.Release|Mixed Platforms.ActiveCfg = Release|Win32
		{86F73684-DF66-47A1-B405-1C9E7EA83291}.Release|Mixed Platforms.Build.0 = Release|Win32
		{86F73684-DF66-47A1-B405-1C9E7EA83291}.Release|Win32.ActiveCfg = Release|Win32
		{86F73684-DF66-47A1-B405-1C9E7EA83291}.Release|Win32.Build.0 = Release|Win32
		{2628C431-84B3-4580-A158-168E8E5B6FB7}.Debug|Any CPU.ActiveCfg = Debug|Win32
		{2628C431-84B3-4580-A158-168E8E5B6FB7}.Debug|Mixed Platforms.ActiveCfg = Debug|Win32
		{2628C431-84B3-4580-A158-168E8E5B6FB7}.Debug|Mixed Platforms.Build.0 = Debug|Win32
		{2628C431-84B3-4580-A158-168E8E5B6FB7}.Debug|Win32.ActiveCfg = Debug|Win32
		{2628C431-84B3-4580-A158-168E8E5B6FB7}.Debug|Win32.Build.0 = Debug|Win32
		{2628C431-84B3-4580-A158-168E8E5B6FB7}.Release|Any CPU.ActiveCfg = Release|Win32
		{2628C431-84B3-4580-A158-168E8E5B6FB7}.Release|Mixed Platforms.ActiveCfg = Release|Win32
		{2628C431-84B3-4580-A158-168E8E5B6FB7}.Release|Mixed Platforms.Build.0 = Release|Win32
		{2628C431-84B3-4580-A158-168E8E5B6FB7}.Release|Win32.ActiveCfg = Release|Win32
		{2628C431-84B3-4580-A158-168E8E5B6FB7}.Release|Win32.Build.0 = Release|Win32
	EndGlobalSection
	GlobalSection(SolutionProperties) = preSolution
		HideSolutionNode = FALSE
	EndGlobalSection
EndGlobal
