<?xml version="1.0" encoding="utf-8"?>
<Project ToolsVersion="4.0" xmlns="http://schemas.microsoft.com/developer/msbuild/2003">
  <ItemGroup>
    <Filter Include="Source Files">
      <UniqueIdentifier>{4FC737F1-C7A5-4376-A066-2A32D752A2FF}</UniqueIdentifier>
      <Extensions>cpp;c;cc;cxx;def;odl;idl;hpj;bat;asm;asmx</Extensions>
    </Filter>
    <Filter Include="Header Files">
      <UniqueIdentifier>{93995380-89BD-4b04-88EB-625FBE52EBFB}</UniqueIdentifier>
      <Extensions>h;hpp;hxx;hm;inl;inc;xsd</Extensions>
    </Filter>
    <Filter Include="Resource Files">
      <UniqueIdentifier>{67DA6AB6-F800-4c08-8B7A-83BB121AAD01}</UniqueIdentifier>
      <Extensions>rc;ico;cur;bmp;dlg;rc2;rct;bin;rgs;gif;jpg;jpeg;jpe;resx;tiff;tif;png;wav;mfcribbon-ms</Extensions>
    </Filter>
    <Filter Include="Header Files\Input">
      <UniqueIdentifier>{7e4b3b58-c794-4741-ba40-ce32323e60e8}</UniqueIdentifier>
    </Filter>
    <Filter Include="Source Files\Input">
      <UniqueIdentifier>{d74f944b-68dd-4099-a789-e66e558b0291}</UniqueIdentifier>
    </Filter>
    <Filter Include="Header Files\Graphics">
      <UniqueIdentifier>{09e5d4cc-6181-4f53-ab8b-f7bebf0ab831}</UniqueIdentifier>
    </Filter>
    <Filter Include="Source Files\Graphics">
      <UniqueIdentifier>{d6b59480-fe17-4f34-81ca-37d04c98540b}</UniqueIdentifier>
    </Filter>
    <Filter Include="Header Files\Text">
      <UniqueIdentifier>{a6d9f192-4839-45ad-972a-86640a35e51e}</UniqueIdentifier>
    </Filter>
    <Filter Include="Source Files\Text">
      <UniqueIdentifier>{36802339-20e6-44c9-9077-46497896fee8}</UniqueIdentifier>
    </Filter>
    <Filter Include="Header Files\Misc">
      <UniqueIdentifier>{89e73a91-18e8-46b5-aa29-145f40d6d59b}</UniqueIdentifier>
    </Filter>
    <Filter Include="Source Files\Misc">
      <UniqueIdentifier>{5e86fd10-dd62-4553-8a3d-a3a2332f5181}</UniqueIdentifier>
    </Filter>
    <Filter Include="Header Files\States">
      <UniqueIdentifier>{fd090978-d045-4b13-899e-915ff831f8a0}</UniqueIdentifier>
    </Filter>
    <Filter Include="Source Files\States">
      <UniqueIdentifier>{96549edc-6836-40b1-82b7-137b2d6111ef}</UniqueIdentifier>
    </Filter>
    <Filter Include="Header Files\Memory">
      <UniqueIdentifier>{76129b21-13b0-441e-b203-508d3983428f}</UniqueIdentifier>
    </Filter>
  </ItemGroup>
  <ItemGroup>
    <None Include="ReadMe.txt" />
  </ItemGroup>
  <ItemGroup>
    <ClInclude Include="Engine.h">
      <Filter>Header Files</Filter>
    </ClInclude>
    <ClInclude Include="Input.h">
      <Filter>Header Files\Input</Filter>
    </ClInclude>
    <ClInclude Include="Texture.h">
      <Filter>Header Files\Graphics</Filter>
    </ClInclude>
    <ClInclude Include="Draw.h">
      <Filter>Header Files\Graphics</Filter>
    </ClInclude>
    <ClInclude Include="TextFont.h">
      <Filter>Header Files\Text</Filter>
    </ClInclude>
    <ClInclude Include="Camera.h">
      <Filter>Header Files\Misc</Filter>
    </ClInclude>
    <ClInclude Include="CTimer.h">
      <Filter>Header Files\Misc</Filter>
    </ClInclude>
    <ClInclude Include="StateManager.h">
      <Filter>Header Files\States</Filter>
    </ClInclude>
    <ClInclude Include="State.h">
      <Filter>Header Files\States</Filter>
    </ClInclude>
    <ClInclude Include="MemList.h">
      <Filter>Header Files\Memory</Filter>
    </ClInclude>
    <ClInclude Include="MemVector.h">
      <Filter>Header Files\Memory</Filter>
    </ClInclude>
  </ItemGroup>
  <ItemGroup>
    <ClCompile Include="Engine.cpp">
      <Filter>Source Files</Filter>
    </ClCompile>
    <ClCompile Include="Input.cpp">
      <Filter>Source Files\Input</Filter>
    </ClCompile>
    <ClCompile Include="Texture.cpp">
      <Filter>Source Files\Graphics</Filter>
    </ClCompile>
    <ClCompile Include="Draw.cpp">
      <Filter>Source Files\Graphics</Filter>
    </ClCompile>
    <ClCompile Include="TextFont.cpp">
      <Filter>Source Files\Text</Filter>
    </ClCompile>
    <ClCompile Include="..\Game\CTimer.cpp">
      <Filter>Source Files\Misc</Filter>
    </ClCompile>
    <ClCompile Include="Camera.cpp">
      <Filter>Source Files\Misc</Filter>
    </ClCompile>
    <ClCompile Include="StateManager.cpp">
      <Filter>Source Files\States</Filter>
    </ClCompile>
  </ItemGroup>
</Project>